
Microsoft Visual Studio Solution File, Format Version 12.00
# Visual Studio Version 17
VisualStudioVersion = 17.2.32216.311
MinimumVisualStudioVersion = 10.0.40219.1
Project("{FAE04EC0-301F-11D3-BF4B-00C04F79EFBC}") = "Differ", "Differ\Differ.csproj", "{BDE1C00A-E6AB-4A8D-8E43-9F416C087DB1}"
EndProject
Global
	GlobalSection(SolutionConfigurationPlatforms) = preSolution
		Debug|Any CPU = Debug|Any CPU
		Release|Any CPU = Release|Any CPU
	EndGlobalSection
	GlobalSection(ProjectConfigurationPlatforms) = postSolution
		{BDE1C00A-E6AB-4A8D-8E43-9F416C087DB1}.Debug|Any CPU.ActiveCfg = Debug|Any CPU
		{BDE1C00A-E6AB-4A8D-8E43-9F416C087DB1}.Debug|Any CPU.Build.0 = Debug|Any CPU
		{BDE1C00A-E6AB-4A8D-8E43-9F416C087DB1}.Release|Any CPU.ActiveCfg = Release|Any CPU
		{BDE1C00A-E6AB-4A8D-8E43-9F416C087DB1}.Release|Any CPU.Build.0 = Release|Any CPU
	EndGlobalSection
	GlobalSection(SolutionProperties) = preSolution
		HideSolutionNode = FALSE
	EndGlobalSection
	GlobalSection(ExtensibilityGlobals) = postSolution
		SolutionGuid = {CAD4E4F0-C5EC-49D7-8CB0-0CA59DF297A2}
	EndGlobalSection
EndGlobal
